
Microsoft Visual Studio Solution File, Format Version 12.00
# Visual Studio Version 17
VisualStudioVersion = 17.5.33530.505
MinimumVisualStudioVersion = 10.0.40219.1
Project("{FAE04EC0-301F-11D3-BF4B-00C04F79EFBC}") = "CriptoRSA", "CriptoRSA.csproj", "{720F0A2D-C396-4417-A3C9-458197F723C3}"
EndProject
Global
	GlobalSection(SolutionConfigurationPlatforms) = preSolution
		Debug|Any CPU = Debug|Any CPU
		Release|Any CPU = Release|Any CPU
	EndGlobalSection
	GlobalSection(ProjectConfigurationPlatforms) = postSolution
		{720F0A2D-C396-4417-A3C9-458197F723C3}.Debug|Any CPU.ActiveCfg = Debug|Any CPU
		{720F0A2D-C396-4417-A3C9-458197F723C3}.Debug|Any CPU.Build.0 = Debug|Any CPU
		{720F0A2D-C396-4417-A3C9-458197F723C3}.Release|Any CPU.ActiveCfg = Release|Any CPU
		{720F0A2D-C396-4417-A3C9-458197F723C3}.Release|Any CPU.Build.0 = Release|Any CPU
	EndGlobalSection
	GlobalSection(SolutionProperties) = preSolution
		HideSolutionNode = FALSE
	EndGlobalSection
	GlobalSection(ExtensibilityGlobals) = postSolution
		SolutionGuid = {E9B0652A-AFD6-4978-A873-82F64B6BC419}
	EndGlobalSection
EndGlobal
